
Microsoft Visual Studio Solution File, Format Version 12.00
# Visual Studio Version 17
VisualStudioVersion = 17.11.35327.3
MinimumVisualStudioVersion = 10.0.40219.1
Project("{FAE04EC0-301F-11D3-BF4B-00C04F79EFBC}") = "UPC.HomeFlavors.API", "UPC.HomeFlavors.API\UPC.HomeFlavors.API.csproj", "{7207BB87-4E75-4B64-94CB-3A1366A264AB}"
EndProject
Global
	GlobalSection(SolutionConfigurationPlatforms) = preSolution
		Debug|Any CPU = Debug|Any CPU
		Release|Any CPU = Release|Any CPU
	EndGlobalSection
	GlobalSection(ProjectConfigurationPlatforms) = postSolution
		{7207BB87-4E75-4B64-94CB-3A1366A264AB}.Debug|Any CPU.ActiveCfg = Debug|Any CPU
		{7207BB87-4E75-4B64-94CB-3A1366A264AB}.Debug|Any CPU.Build.0 = Debug|Any CPU
		{7207BB87-4E75-4B64-94CB-3A1366A264AB}.Release|Any CPU.ActiveCfg = Release|Any CPU
		{7207BB87-4E75-4B64-94CB-3A1366A264AB}.Release|Any CPU.Build.0 = Release|Any CPU
	EndGlobalSection
	GlobalSection(SolutionProperties) = preSolution
		HideSolutionNode = FALSE
	EndGlobalSection
	GlobalSection(ExtensibilityGlobals) = postSolution
		SolutionGuid = {B0E692D1-F0FB-4770-A743-64A25403C7FA}
	EndGlobalSection
EndGlobal
